
Microsoft Visual Studio Solution File, Format Version 12.00
# Visual Studio Version 17
VisualStudioVersion = 17.7.34202.233
MinimumVisualStudioVersion = 10.0.40219.1
Project("{FAE04EC0-301F-11D3-BF4B-00C04F79EFBC}") = "Dz7_1", "Dz7_1.csproj", "{99FF0869-DF32-4C39-A95E-15FB84E1C26B}"
EndProject
Project("{FAE04EC0-301F-11D3-BF4B-00C04F79EFBC}") = "Dz7_2", "..\Dz7_2\Dz7_2.csproj", "{9E469CBB-9980-49EC-9126-83211F4B62C6}"
EndProject
Project("{FAE04EC0-301F-11D3-BF4B-00C04F79EFBC}") = "Dz7_3", "..\Dz7_3\Dz7_3.csproj", "{AE0C9ACE-CA37-41E2-9AC2-885FEE092EC6}"
EndProject
Project("{FAE04EC0-301F-11D3-BF4B-00C04F79EFBC}") = "Dz7_5", "..\Dz7_5\Dz7_5.csproj", "{3ADEE6E4-A5B2-4182-87A9-635566C7EBBE}"
EndProject
Project("{FAE04EC0-301F-11D3-BF4B-00C04F79EFBC}") = "Dz7_4", "..\Dz7_4\Dz7_4.csproj", "{076BF989-629C-4682-8DDA-F04A532B8145}"
EndProject
Project("{FAE04EC0-301F-11D3-BF4B-00C04F79EFBC}") = "Dz7_6.1", "..\Dz7_6\Dz7_6.1.csproj", "{8D8DD884-277C-49B9-B574-D804BD7EFC61}"
EndProject
Project("{FAE04EC0-301F-11D3-BF4B-00C04F79EFBC}") = "Dz7_6.2", "..\Dz7_6.2\Dz7_6.2.csproj", "{4E44A26C-9734-4C9B-B267-2194D87D4DC4}"
EndProject
Global
	GlobalSection(SolutionConfigurationPlatforms) = preSolution
		Debug|Any CPU = Debug|Any CPU
		Release|Any CPU = Release|Any CPU
	EndGlobalSection
	GlobalSection(ProjectConfigurationPlatforms) = postSolution
		{99FF0869-DF32-4C39-A95E-15FB84E1C26B}.Debug|Any CPU.ActiveCfg = Debug|Any CPU
		{99FF0869-DF32-4C39-A95E-15FB84E1C26B}.Debug|Any CPU.Build.0 = Debug|Any CPU
		{99FF0869-DF32-4C39-A95E-15FB84E1C26B}.Release|Any CPU.ActiveCfg = Release|Any CPU
		{99FF0869-DF32-4C39-A95E-15FB84E1C26B}.Release|Any CPU.Build.0 = Release|Any CPU
		{9E469CBB-9980-49EC-9126-83211F4B62C6}.Debug|Any CPU.ActiveCfg = Debug|Any CPU
		{9E469CBB-9980-49EC-9126-83211F4B62C6}.Debug|Any CPU.Build.0 = Debug|Any CPU
		{9E469CBB-9980-49EC-9126-83211F4B62C6}.Release|Any CPU.ActiveCfg = Release|Any CPU
		{9E469CBB-9980-49EC-9126-83211F4B62C6}.Release|Any CPU.Build.0 = Release|Any CPU
		{AE0C9ACE-CA37-41E2-9AC2-885FEE092EC6}.Debug|Any CPU.ActiveCfg = Debug|Any CPU
		{AE0C9ACE-CA37-41E2-9AC2-885FEE092EC6}.Debug|Any CPU.Build.0 = Debug|Any CPU
		{AE0C9ACE-CA37-41E2-9AC2-885FEE092EC6}.Release|Any CPU.ActiveCfg = Release|Any CPU
		{AE0C9ACE-CA37-41E2-9AC2-885FEE092EC6}.Release|Any CPU.Build.0 = Release|Any CPU
		{3ADEE6E4-A5B2-4182-87A9-635566C7EBBE}.Debug|Any CPU.ActiveCfg = Debug|Any CPU
		{3ADEE6E4-A5B2-4182-87A9-635566C7EBBE}.Debug|Any CPU.Build.0 = Debug|Any CPU
		{3ADEE6E4-A5B2-4182-87A9-635566C7EBBE}.Release|Any CPU.ActiveCfg = Release|Any CPU
		{3ADEE6E4-A5B2-4182-87A9-635566C7EBBE}.Release|Any CPU.Build.0 = Release|Any CPU
		{076BF989-629C-4682-8DDA-F04A532B8145}.Debug|Any CPU.ActiveCfg = Debug|Any CPU
		{076BF989-629C-4682-8DDA-F04A532B8145}.Debug|Any CPU.Build.0 = Debug|Any CPU
		{076BF989-629C-4682-8DDA-F04A532B8145}.Release|Any CPU.ActiveCfg = Release|Any CPU
		{076BF989-629C-4682-8DDA-F04A532B8145}.Release|Any CPU.Build.0 = Release|Any CPU
		{8D8DD884-277C-49B9-B574-D804BD7EFC61}.Debug|Any CPU.ActiveCfg = Debug|Any CPU
		{8D8DD884-277C-49B9-B574-D804BD7EFC61}.Debug|Any CPU.Build.0 = Debug|Any CPU
		{8D8DD884-277C-49B9-B574-D804BD7EFC61}.Release|Any CPU.ActiveCfg = Release|Any CPU
		{8D8DD884-277C-49B9-B574-D804BD7EFC61}.Release|Any CPU.Build.0 = Release|Any CPU
		{4E44A26C-9734-4C9B-B267-2194D87D4DC4}.Debug|Any CPU.ActiveCfg = Debug|Any CPU
		{4E44A26C-9734-4C9B-B267-2194D87D4DC4}.Debug|Any CPU.Build.0 = Debug|Any CPU
		{4E44A26C-9734-4C9B-B267-2194D87D4DC4}.Release|Any CPU.ActiveCfg = Release|Any CPU
		{4E44A26C-9734-4C9B-B267-2194D87D4DC4}.Release|Any CPU.Build.0 = Release|Any CPU
	EndGlobalSection
	GlobalSection(SolutionProperties) = preSolution
		HideSolutionNode = FALSE
	EndGlobalSection
	GlobalSection(ExtensibilityGlobals) = postSolution
		SolutionGuid = {6E3B3D43-3346-4178-A193-4BE31A0A0710}
	EndGlobalSection
EndGlobal
